
Microsoft Visual Studio Solution File, Format Version 12.00
# Visual Studio 15
VisualStudioVersion = 15.0.27703.2018
MinimumVisualStudioVersion = 10.0.40219.1
Project("{FAE04EC0-301F-11D3-BF4B-00C04F79EFBC}") = "ValidParentheses_Solution", "ValidParentheses_Solution\ValidParentheses_Solution.csproj", "{6CFF6FBF-469C-44F9-B867-514C13D10609}"
EndProject
Global
	GlobalSection(SolutionConfigurationPlatforms) = preSolution
		Debug|Any CPU = Debug|Any CPU
		Release|Any CPU = Release|Any CPU
	EndGlobalSection
	GlobalSection(ProjectConfigurationPlatforms) = postSolution
		{6CFF6FBF-469C-44F9-B867-514C13D10609}.Debug|Any CPU.ActiveCfg = Debug|Any CPU
		{6CFF6FBF-469C-44F9-B867-514C13D10609}.Debug|Any CPU.Build.0 = Debug|Any CPU
		{6CFF6FBF-469C-44F9-B867-514C13D10609}.Release|Any CPU.ActiveCfg = Release|Any CPU
		{6CFF6FBF-469C-44F9-B867-514C13D10609}.Release|Any CPU.Build.0 = Release|Any CPU
	EndGlobalSection
	GlobalSection(SolutionProperties) = preSolution
		HideSolutionNode = FALSE
	EndGlobalSection
	GlobalSection(ExtensibilityGlobals) = postSolution
		SolutionGuid = {87FD0A72-AA64-4CD1-BC6C-03B50DC4CFA7}
	EndGlobalSection
EndGlobal
